
Microsoft Visual Studio Solution File, Format Version 12.00
# Visual Studio 14
VisualStudioVersion = 14.0.25420.1
MinimumVisualStudioVersion = 10.0.40219.1
Project("{FAE04EC0-301F-11D3-BF4B-00C04F79EFBC}") = "Miyu", "Miyu.csproj", "{7DDE2E50-BCA7-45E9-92A1-3DE863758F84}"
EndProject
Project("{FAE04EC0-301F-11D3-BF4B-00C04F79EFBC}") = "MiyuCmd", "MiyuCmd\MiyuCmd.csproj", "{75C86E56-F872-49A9-BDF3-417AA5D6A6B4}"
EndProject
Global
	GlobalSection(SolutionConfigurationPlatforms) = preSolution
		Debug|Any CPU = Debug|Any CPU
		Debug|ARM = Debug|ARM
		Debug|x64 = Debug|x64
		Debug|x86 = Debug|x86
		Release|Any CPU = Release|Any CPU
		Release|ARM = Release|ARM
		Release|x64 = Release|x64
		Release|x86 = Release|x86
	EndGlobalSection
	GlobalSection(ProjectConfigurationPlatforms) = postSolution
		{7DDE2E50-BCA7-45E9-92A1-3DE863758F84}.Debug|Any CPU.ActiveCfg = Debug|x86
		{7DDE2E50-BCA7-45E9-92A1-3DE863758F84}.Debug|ARM.ActiveCfg = Debug|ARM
		{7DDE2E50-BCA7-45E9-92A1-3DE863758F84}.Debug|ARM.Build.0 = Debug|ARM
		{7DDE2E50-BCA7-45E9-92A1-3DE863758F84}.Debug|ARM.Deploy.0 = Debug|ARM
		{7DDE2E50-BCA7-45E9-92A1-3DE863758F84}.Debug|x64.ActiveCfg = Debug|x64
		{7DDE2E50-BCA7-45E9-92A1-3DE863758F84}.Debug|x64.Build.0 = Debug|x64
		{7DDE2E50-BCA7-45E9-92A1-3DE863758F84}.Debug|x64.Deploy.0 = Debug|x64
		{7DDE2E50-BCA7-45E9-92A1-3DE863758F84}.Debug|x86.ActiveCfg = Debug|x86
		{7DDE2E50-BCA7-45E9-92A1-3DE863758F84}.Debug|x86.Build.0 = Debug|x86
		{7DDE2E50-BCA7-45E9-92A1-3DE863758F84}.Debug|x86.Deploy.0 = Debug|x86
		{7DDE2E50-BCA7-45E9-92A1-3DE863758F84}.Release|Any CPU.ActiveCfg = Release|x86
		{7DDE2E50-BCA7-45E9-92A1-3DE863758F84}.Release|ARM.ActiveCfg = Release|ARM
		{7DDE2E50-BCA7-45E9-92A1-3DE863758F84}.Release|ARM.Build.0 = Release|ARM
		{7DDE2E50-BCA7-45E9-92A1-3DE863758F84}.Release|ARM.Deploy.0 = Release|ARM
		{7DDE2E50-BCA7-45E9-92A1-3DE863758F84}.Release|x64.ActiveCfg = Release|x64
		{7DDE2E50-BCA7-45E9-92A1-3DE863758F84}.Release|x64.Build.0 = Release|x64
		{7DDE2E50-BCA7-45E9-92A1-3DE863758F84}.Release|x64.Deploy.0 = Release|x64
		{7DDE2E50-BCA7-45E9-92A1-3DE863758F84}.Release|x86.ActiveCfg = Release|x86
		{7DDE2E50-BCA7-45E9-92A1-3DE863758F84}.Release|x86.Build.0 = Release|x86
		{7DDE2E50-BCA7-45E9-92A1-3DE863758F84}.Release|x86.Deploy.0 = Release|x86
		{75C86E56-F872-49A9-BDF3-417AA5D6A6B4}.Debug|Any CPU.ActiveCfg = Debug|Any CPU
		{75C86E56-F872-49A9-BDF3-417AA5D6A6B4}.Debug|Any CPU.Build.0 = Debug|Any CPU
		{75C86E56-F872-49A9-BDF3-417AA5D6A6B4}.Debug|ARM.ActiveCfg = Debug|Any CPU
		{75C86E56-F872-49A9-BDF3-417AA5D6A6B4}.Debug|ARM.Build.0 = Debug|Any CPU
		{75C86E56-F872-49A9-BDF3-417AA5D6A6B4}.Debug|x64.ActiveCfg = Debug|Any CPU
		{75C86E56-F872-49A9-BDF3-417AA5D6A6B4}.Debug|x64.Build.0 = Debug|Any CPU
		{75C86E56-F872-49A9-BDF3-417AA5D6A6B4}.Debug|x86.ActiveCfg = Debug|Any CPU
		{75C86E56-F872-49A9-BDF3-417AA5D6A6B4}.Debug|x86.Build.0 = Debug|Any CPU
		{75C86E56-F872-49A9-BDF3-417AA5D6A6B4}.Release|Any CPU.ActiveCfg = Release|Any CPU
		{75C86E56-F872-49A9-BDF3-417AA5D6A6B4}.Release|Any CPU.Build.0 = Release|Any CPU
		{75C86E56-F872-49A9-BDF3-417AA5D6A6B4}.Release|ARM.ActiveCfg = Release|Any CPU
		{75C86E56-F872-49A9-BDF3-417AA5D6A6B4}.Release|ARM.Build.0 = Release|Any CPU
		{75C86E56-F872-49A9-BDF3-417AA5D6A6B4}.Release|x64.ActiveCfg = Release|Any CPU
		{75C86E56-F872-49A9-BDF3-417AA5D6A6B4}.Release|x64.Build.0 = Release|Any CPU
		{75C86E56-F872-49A9-BDF3-417AA5D6A6B4}.Release|x86.ActiveCfg = Release|Any CPU
		{75C86E56-F872-49A9-BDF3-417AA5D6A6B4}.Release|x86.Build.0 = Release|Any CPU
	EndGlobalSection
	GlobalSection(SolutionProperties) = preSolution
		HideSolutionNode = FALSE
	EndGlobalSection
EndGlobal
